
Microsoft Visual Studio Solution File, Format Version 12.00
# Visual Studio 15
Project("{FAE04EC0-301F-11D3-BF4B-00C04F79EFBC}") = "Assembly-CSharp", "Assembly-CSharp.csproj", "{EC321856-03EC-7D19-7037-92235AC7F66F}"
EndProject
Global
	GlobalSection(SolutionConfigurationPlatforms) = preSolution
		Debug|Any CPU = Debug|Any CPU
		Release|Any CPU = Release|Any CPU
	EndGlobalSection
	GlobalSection(ProjectConfigurationPlatforms) = postSolution
		{EC321856-03EC-7D19-7037-92235AC7F66F}.Debug|Any CPU.ActiveCfg = Debug|Any CPU
		{EC321856-03EC-7D19-7037-92235AC7F66F}.Debug|Any CPU.Build.0 = Debug|Any CPU
		{EC321856-03EC-7D19-7037-92235AC7F66F}.Release|Any CPU.ActiveCfg = Release|Any CPU
		{EC321856-03EC-7D19-7037-92235AC7F66F}.Release|Any CPU.Build.0 = Release|Any CPU
	EndGlobalSection
	GlobalSection(SolutionProperties) = preSolution
		HideSolutionNode = FALSE
	EndGlobalSection
EndGlobal
